// !$*UTF8*$!
{
	archiveVersion = 1;
	classes = {
	};
	objectVersion = 46;
	objects = {

/* Begin PBXBuildFile section */
		1F22692C196B49A4009D8F18 /* FilterTapRegionView.m in Sources */ = {isa = PBXBuildFile; fileRef = 1F22692B196B49A4009D8F18 /* FilterTapRegionView.m */; };
		1FBE91A719775D340097D493 /* PinchRegionView.m in Sources */ = {isa = PBXBuildFile; fileRef = 1FBE91A619775D340097D493 /* PinchRegionView.m */; };
		1FC51713195B56050025AAA7 /* Foundation.framework in Frameworks */ = {isa = PBXBuildFile; fileRef = 1FC51712195B56050025AAA7 /* Foundation.framework */; };
		1FC51715195B56050025AAA7 /* CoreGraphics.framework in Frameworks */ = {isa = PBXBuildFile; fileRef = 1FC51714195B56050025AAA7 /* CoreGraphics.framework */; };
		1FC51717195B56050025AAA7 /* UIKit.framework in Frameworks */ = {isa = PBXBuildFile; fileRef = 1FC51716195B56050025AAA7 /* UIKit.framework */; };
		1FC5171D195B56050025AAA7 /* InfoPlist.strings in Resources */ = {isa = PBXBuildFile; fileRef = 1FC5171B195B56050025AAA7 /* InfoPlist.strings */; };
		1FC5171F195B56050025AAA7 /* main.m in Sources */ = {isa = PBXBuildFile; fileRef = 1FC5171E195B56050025AAA7 /* main.m */; };
		1FC51723195B56050025AAA7 /* AppDelegate.m in Sources */ = {isa = PBXBuildFile; fileRef = 1FC51722195B56050025AAA7 /* AppDelegate.m */; };
		1FC51726195B56050025AAA7 /* Main.storyboard in Resources */ = {isa = PBXBuildFile; fileRef = 1FC51724195B56050025AAA7 /* Main.storyboard */; };
		1FC51729195B56050025AAA7 /* ViewController.m in Sources */ = {isa = PBXBuildFile; fileRef = 1FC51728195B56050025AAA7 /* ViewController.m */; };
		1FC5172B195B56050025AAA7 /* Images.xcassets in Resources */ = {isa = PBXBuildFile; fileRef = 1FC5172A195B56050025AAA7 /* Images.xcassets */; };
		1FC51732195B56050025AAA7 /* XCTest.framework in Frameworks */ = {isa = PBXBuildFile; fileRef = 1FC51731195B56050025AAA7 /* XCTest.framework */; };
		1FC51733195B56050025AAA7 /* Foundation.framework in Frameworks */ = {isa = PBXBuildFile; fileRef = 1FC51712195B56050025AAA7 /* Foundation.framework */; };
		1FC51734195B56050025AAA7 /* UIKit.framework in Frameworks */ = {isa = PBXBuildFile; fileRef = 1FC51716195B56050025AAA7 /* UIKit.framework */; };
		1FC5173C195B56050025AAA7 /* InfoPlist.strings in Resources */ = {isa = PBXBuildFile; fileRef = 1FC5173A195B56050025AAA7 /* InfoPlist.strings */; };
		1FC5173E195B56050025AAA7 /* DigitalSoundFX_v2Tests.m in Sources */ = {isa = PBXBuildFile; fileRef = 1FC5173D195B56050025AAA7 /* DigitalSoundFX_v2Tests.m */; };
		1FC51766195B56970025AAA7 /* AudioController.mm in Sources */ = {isa = PBXBuildFile; fileRef = 1FC51749195B56970025AAA7 /* AudioController.mm */; };
		1FC51767195B56970025AAA7 /* NVAllpassFilter.m in Sources */ = {isa = PBXBuildFile; fileRef = 1FC5174D195B56970025AAA7 /* NVAllpassFilter.m */; };
		1FC51768195B56970025AAA7 /* NVBandpassFilter.m in Sources */ = {isa = PBXBuildFile; fileRef = 1FC5174F195B56970025AAA7 /* NVBandpassFilter.m */; };
		1FC51769195B56970025AAA7 /* NVBandpassQPeakGainFilter.m in Sources */ = {isa = PBXBuildFile; fileRef = 1FC51751195B56970025AAA7 /* NVBandpassQPeakGainFilter.m */; };
		1FC5176A195B56970025AAA7 /* NVHighpassFilter.m in Sources */ = {isa = PBXBuildFile; fileRef = 1FC51753195B56970025AAA7 /* NVHighpassFilter.m */; };
		1FC5176B195B56970025AAA7 /* NVHighShelvingFilter.m in Sources */ = {isa = PBXBuildFile; fileRef = 1FC51755195B56970025AAA7 /* NVHighShelvingFilter.m */; };
		1FC5176C195B56970025AAA7 /* NVLowpassFilter.m in Sources */ = {isa = PBXBuildFile; fileRef = 1FC51757195B56970025AAA7 /* NVLowpassFilter.m */; };
		1FC5176D195B56970025AAA7 /* NVLowShelvingFilter.m in Sources */ = {isa = PBXBuildFile; fileRef = 1FC51759195B56970025AAA7 /* NVLowShelvingFilter.m */; };
		1FC5176E195B56970025AAA7 /* NVNotchFilter.m in Sources */ = {isa = PBXBuildFile; fileRef = 1FC5175B195B56970025AAA7 /* NVNotchFilter.m */; };
		1FC5176F195B56970025AAA7 /* NVPeakingEQFilter.m in Sources */ = {isa = PBXBuildFile; fileRef = 1FC5175D195B56970025AAA7 /* NVPeakingEQFilter.m */; };
		1FC51770195B56970025AAA7 /* NVDSP.mm in Sources */ = {isa = PBXBuildFile; fileRef = 1FC5175F195B56970025AAA7 /* NVDSP.mm */; };
		1FC51771195B56970025AAA7 /* CircularBuffer.m in Sources */ = {isa = PBXBuildFile; fileRef = 1FC51762195B56970025AAA7 /* CircularBuffer.m */; };
		1FC51772195B56970025AAA7 /* METScopeView.m in Sources */ = {isa = PBXBuildFile; fileRef = 1FC51765195B56970025AAA7 /* METScopeView.m */; };
/* End PBXBuildFile section */

/* Begin PBXContainerItemProxy section */
		1FC51735195B56050025AAA7 /* PBXContainerItemProxy */ = {
			isa = PBXContainerItemProxy;
			containerPortal = 1FC51707195B56050025AAA7 /* Project object */;
			proxyType = 1;
			remoteGlobalIDString = 1FC5170E195B56050025AAA7;
			remoteInfo = DigitalSoundFX_v2;
		};
/* End PBXContainerItemProxy section */

/* Begin PBXFileReference section */
		1F22692A196B49A4009D8F18 /* FilterTapRegionView.h */ = {isa = PBXFileReference; fileEncoding = 4; lastKnownFileType = sourcecode.c.h; name = FilterTapRegionView.h; path = Visual/FilterTapRegionView.h; sourceTree = "<group>"; };
		1F22692B196B49A4009D8F18 /* FilterTapRegionView.m */ = {isa = PBXFileReference; fileEncoding = 4; lastKnownFileType = sourcecode.c.objc; name = FilterTapRegionView.m; path = Visual/FilterTapRegionView.m; sourceTree = "<group>"; };
		1FBE91A519775D340097D493 /* PinchRegionView.h */ = {isa = PBXFileReference; fileEncoding = 4; lastKnownFileType = sourcecode.c.h; name = PinchRegionView.h; path = Visual/PinchRegionView.h; sourceTree = "<group>"; };
		1FBE91A619775D340097D493 /* PinchRegionView.m */ = {isa = PBXFileReference; fileEncoding = 4; lastKnownFileType = sourcecode.c.objc; name = PinchRegionView.m; path = Visual/PinchRegionView.m; sourceTree = "<group>"; };
		1FC5170F195B56050025AAA7 /* DigitalSoundFX_v2.app */ = {isa = PBXFileReference; explicitFileType = wrapper.application; includeInIndex = 0; path = DigitalSoundFX_v2.app; sourceTree = BUILT_PRODUCTS_DIR; };
		1FC51712195B56050025AAA7 /* Foundation.framework */ = {isa = PBXFileReference; lastKnownFileType = wrapper.framework; name = Foundation.framework; path = System/Library/Frameworks/Foundation.framework; sourceTree = SDKROOT; };
		1FC51714195B56050025AAA7 /* CoreGraphics.framework */ = {isa = PBXFileReference; lastKnownFileType = wrapper.framework; name = CoreGraphics.framework; path = System/Library/Frameworks/CoreGraphics.framework; sourceTree = SDKROOT; };
		1FC51716195B56050025AAA7 /* UIKit.framework */ = {isa = PBXFileReference; lastKnownFileType = wrapper.framework; name = UIKit.framework; path = System/Library/Frameworks/UIKit.framework; sourceTree = SDKROOT; };
		1FC5171A195B56050025AAA7 /* DigitalSoundFX_v2-Info.plist */ = {isa = PBXFileReference; lastKnownFileType = text.plist.xml; path = "DigitalSoundFX_v2-Info.plist"; sourceTree = "<group>"; };
		1FC5171C195B56050025AAA7 /* en */ = {isa = PBXFileReference; lastKnownFileType = text.plist.strings; name = en; path = en.lproj/InfoPlist.strings; sourceTree = "<group>"; };
		1FC5171E195B56050025AAA7 /* main.m */ = {isa = PBXFileReference; lastKnownFileType = sourcecode.c.objc; path = main.m; sourceTree = "<group>"; };
		1FC51720195B56050025AAA7 /* DigitalSoundFX_v2-Prefix.pch */ = {isa = PBXFileReference; lastKnownFileType = sourcecode.c.h; path = "DigitalSoundFX_v2-Prefix.pch"; sourceTree = "<group>"; };
		1FC51721195B56050025AAA7 /* AppDelegate.h */ = {isa = PBXFileReference; lastKnownFileType = sourcecode.c.h; path = AppDelegate.h; sourceTree = "<group>"; };
		1FC51722195B56050025AAA7 /* AppDelegate.m */ = {isa = PBXFileReference; lastKnownFileType = sourcecode.c.objc; path = AppDelegate.m; sourceTree = "<group>"; };
		1FC51725195B56050025AAA7 /* Base */ = {isa = PBXFileReference; lastKnownFileType = file.storyboard; name = Base; path = Base.lproj/Main.storyboard; sourceTree = "<group>"; };
		1FC51727195B56050025AAA7 /* ViewController.h */ = {isa = PBXFileReference; lastKnownFileType = sourcecode.c.h; path = ViewController.h; sourceTree = "<group>"; };
		1FC51728195B56050025AAA7 /* ViewController.m */ = {isa = PBXFileReference; lastKnownFileType = sourcecode.c.objc; path = ViewController.m; sourceTree = "<group>"; };
		1FC5172A195B56050025AAA7 /* Images.xcassets */ = {isa = PBXFileReference; lastKnownFileType = folder.assetcatalog; path = Images.xcassets; sourceTree = "<group>"; };
		1FC51730195B56050025AAA7 /* DigitalSoundFX_v2Tests.xctest */ = {isa = PBXFileReference; explicitFileType = wrapper.cfbundle; includeInIndex = 0; path = DigitalSoundFX_v2Tests.xctest; sourceTree = BUILT_PRODUCTS_DIR; };
		1FC51731195B56050025AAA7 /* XCTest.framework */ = {isa = PBXFileReference; lastKnownFileType = wrapper.framework; name = XCTest.framework; path = Library/Frameworks/XCTest.framework; sourceTree = DEVELOPER_DIR; };
		1FC51739195B56050025AAA7 /* DigitalSoundFX_v2Tests-Info.plist */ = {isa = PBXFileReference; lastKnownFileType = text.plist.xml; path = "DigitalSoundFX_v2Tests-Info.plist"; sourceTree = "<group>"; };
		1FC5173B195B56050025AAA7 /* en */ = {isa = PBXFileReference; lastKnownFileType = text.plist.strings; name = en; path = en.lproj/InfoPlist.strings; sourceTree = "<group>"; };
		1FC5173D195B56050025AAA7 /* DigitalSoundFX_v2Tests.m */ = {isa = PBXFileReference; lastKnownFileType = sourcecode.c.objc; path = DigitalSoundFX_v2Tests.m; sourceTree = "<group>"; };
		1FC51748195B56970025AAA7 /* AudioController.h */ = {isa = PBXFileReference; fileEncoding = 4; lastKnownFileType = sourcecode.c.h; path = AudioController.h; sourceTree = "<group>"; };
		1FC51749195B56970025AAA7 /* AudioController.mm */ = {isa = PBXFileReference; fileEncoding = 4; lastKnownFileType = sourcecode.cpp.objcpp; path = AudioController.mm; sourceTree = "<group>"; };
		1FC5174C195B56970025AAA7 /* NVAllpassFilter.h */ = {isa = PBXFileReference; fileEncoding = 4; lastKnownFileType = sourcecode.c.h; path = NVAllpassFilter.h; sourceTree = "<group>"; };
		1FC5174D195B56970025AAA7 /* NVAllpassFilter.m */ = {isa = PBXFileReference; fileEncoding = 4; lastKnownFileType = sourcecode.c.objc; path = NVAllpassFilter.m; sourceTree = "<group>"; };
		1FC5174E195B56970025AAA7 /* NVBandpassFilter.h */ = {isa = PBXFileReference; fileEncoding = 4; lastKnownFileType = sourcecode.c.h; path = NVBandpassFilter.h; sourceTree = "<group>"; };
		1FC5174F195B56970025AAA7 /* NVBandpassFilter.m */ = {isa = PBXFileReference; fileEncoding = 4; lastKnownFileType = sourcecode.c.objc; path = NVBandpassFilter.m; sourceTree = "<group>"; };
		1FC51750195B56970025AAA7 /* NVBandpassQPeakGainFilter.h */ = {isa = PBXFileReference; fileEncoding = 4; lastKnownFileType = sourcecode.c.h; path = NVBandpassQPeakGainFilter.h; sourceTree = "<group>"; };
		1FC51751195B56970025AAA7 /* NVBandpassQPeakGainFilter.m */ = {isa = PBXFileReference; fileEncoding = 4; lastKnownFileType = sourcecode.c.objc; path = NVBandpassQPeakGainFilter.m; sourceTree = "<group>"; };
		1FC51752195B56970025AAA7 /* NVHighpassFilter.h */ = {isa = PBXFileReference; fileEncoding = 4; lastKnownFileType = sourcecode.c.h; path = NVHighpassFilter.h; sourceTree = "<group>"; };
		1FC51753195B56970025AAA7 /* NVHighpassFilter.m */ = {isa = PBXFileReference; fileEncoding = 4; lastKnownFileType = sourcecode.c.objc; path = NVHighpassFilter.m; sourceTree = "<group>"; };
		1FC51754195B56970025AAA7 /* NVHighShelvingFilter.h */ = {isa = PBXFileReference; fileEncoding = 4; lastKnownFileType = sourcecode.c.h; path = NVHighShelvingFilter.h; sourceTree = "<group>"; };
		1FC51755195B56970025AAA7 /* NVHighShelvingFilter.m */ = {isa = PBXFileReference; fileEncoding = 4; lastKnownFileType = sourcecode.c.objc; path = NVHighShelvingFilter.m; sourceTree = "<group>"; };
		1FC51756195B56970025AAA7 /* NVLowpassFilter.h */ = {isa = PBXFileReference; fileEncoding = 4; lastKnownFileType = sourcecode.c.h; path = NVLowpassFilter.h; sourceTree = "<group>"; };
		1FC51757195B56970025AAA7 /* NVLowpassFilter.m */ = {isa = PBXFileReference; fileEncoding = 4; lastKnownFileType = sourcecode.c.objc; path = NVLowpassFilter.m; sourceTree = "<group>"; };
		1FC51758195B56970025AAA7 /* NVLowShelvingFilter.h */ = {isa = PBXFileReference; fileEncoding = 4; lastKnownFileType = sourcecode.c.h; path = NVLowShelvingFilter.h; sourceTree = "<group>"; };
		1FC51759195B56970025AAA7 /* NVLowShelvingFilter.m */ = {isa = PBXFileReference; fileEncoding = 4; lastKnownFileType = sourcecode.c.objc; path = NVLowShelvingFilter.m; sourceTree = "<group>"; };
		1FC5175A195B56970025AAA7 /* NVNotchFilter.h */ = {isa = PBXFileReference; fileEncoding = 4; lastKnownFileType = sourcecode.c.h; path = NVNotchFilter.h; sourceTree = "<group>"; };
		1FC5175B195B56970025AAA7 /* NVNotchFilter.m */ = {isa = PBXFileReference; fileEncoding = 4; lastKnownFileType = sourcecode.c.objc; path = NVNotchFilter.m; sourceTree = "<group>"; };
		1FC5175C195B56970025AAA7 /* NVPeakingEQFilter.h */ = {isa = PBXFileReference; fileEncoding = 4; lastKnownFileType = sourcecode.c.h; path = NVPeakingEQFilter.h; sourceTree = "<group>"; };
		1FC5175D195B56970025AAA7 /* NVPeakingEQFilter.m */ = {isa = PBXFileReference; fileEncoding = 4; lastKnownFileType = sourcecode.c.objc; path = NVPeakingEQFilter.m; sourceTree = "<group>"; };
		1FC5175E195B56970025AAA7 /* NVDSP.h */ = {isa = PBXFileReference; fileEncoding = 4; lastKnownFileType = sourcecode.c.h; path = NVDSP.h; sourceTree = "<group>"; };
		1FC5175F195B56970025AAA7 /* NVDSP.mm */ = {isa = PBXFileReference; fileEncoding = 4; lastKnownFileType = sourcecode.cpp.objcpp; path = NVDSP.mm; sourceTree = "<group>"; };
		1FC51761195B56970025AAA7 /* CircularBuffer.h */ = {isa = PBXFileReference; fileEncoding = 4; lastKnownFileType = sourcecode.c.h; path = CircularBuffer.h; sourceTree = "<group>"; };
		1FC51762195B56970025AAA7 /* CircularBuffer.m */ = {isa = PBXFileReference; fileEncoding = 4; lastKnownFileType = sourcecode.c.objc; path = CircularBuffer.m; sourceTree = "<group>"; };
		1FC51764195B56970025AAA7 /* METScopeView.h */ = {isa = PBXFileReference; fileEncoding = 4; lastKnownFileType = sourcecode.c.h; path = METScopeView.h; sourceTree = "<group>"; };
		1FC51765195B56970025AAA7 /* METScopeView.m */ = {isa = PBXFileReference; fileEncoding = 4; lastKnownFileType = sourcecode.c.objc; path = METScopeView.m; sourceTree = "<group>"; };
/* End PBXFileReference section */

/* Begin PBXFrameworksBuildPhase section */
		1FC5170C195B56050025AAA7 /* Frameworks */ = {
			isa = PBXFrameworksBuildPhase;
			buildActionMask = 2147483647;
			files = (
				1FC51715195B56050025AAA7 /* CoreGraphics.framework in Frameworks */,
				1FC51717195B56050025AAA7 /* UIKit.framework in Frameworks */,
				1FC51713195B56050025AAA7 /* Foundation.framework in Frameworks */,
			);
			runOnlyForDeploymentPostprocessing = 0;
		};
		1FC5172D195B56050025AAA7 /* Frameworks */ = {
			isa = PBXFrameworksBuildPhase;
			buildActionMask = 2147483647;
			files = (
				1FC51732195B56050025AAA7 /* XCTest.framework in Frameworks */,
				1FC51734195B56050025AAA7 /* UIKit.framework in Frameworks */,
				1FC51733195B56050025AAA7 /* Foundation.framework in Frameworks */,
			);
			runOnlyForDeploymentPostprocessing = 0;
		};
/* End PBXFrameworksBuildPhase section */

/* Begin PBXGroup section */
		1FC51706195B56050025AAA7 = {
			isa = PBXGroup;
			children = (
				1FBE91A519775D340097D493 /* PinchRegionView.h */,
				1FBE91A619775D340097D493 /* PinchRegionView.m */,
				1F22692A196B49A4009D8F18 /* FilterTapRegionView.h */,
				1F22692B196B49A4009D8F18 /* FilterTapRegionView.m */,
				1FC51747195B56970025AAA7 /* Audio */,
				1FC5174A195B56970025AAA7 /* NVDSP */,
				1FC51760195B56970025AAA7 /* Utility */,
				1FC51763195B56970025AAA7 /* Visual */,
				1FC51718195B56050025AAA7 /* DigitalSoundFX_v2 */,
				1FC51737195B56050025AAA7 /* DigitalSoundFX_v2Tests */,
				1FC51711195B56050025AAA7 /* Frameworks */,
				1FC51710195B56050025AAA7 /* Products */,
			);
			sourceTree = "<group>";
		};
		1FC51710195B56050025AAA7 /* Products */ = {
			isa = PBXGroup;
			children = (
				1FC5170F195B56050025AAA7 /* DigitalSoundFX_v2.app */,
				1FC51730195B56050025AAA7 /* DigitalSoundFX_v2Tests.xctest */,
			);
			name = Products;
			sourceTree = "<group>";
		};
		1FC51711195B56050025AAA7 /* Frameworks */ = {
			isa = PBXGroup;
			children = (
				1FC51712195B56050025AAA7 /* Foundation.framework */,
				1FC51714195B56050025AAA7 /* CoreGraphics.framework */,
				1FC51716195B56050025AAA7 /* UIKit.framework */,
				1FC51731195B56050025AAA7 /* XCTest.framework */,
			);
			name = Frameworks;
			sourceTree = "<group>";
		};
		1FC51718195B56050025AAA7 /* DigitalSoundFX_v2 */ = {
			isa = PBXGroup;
			children = (
				1FC51721195B56050025AAA7 /* AppDelegate.h */,
				1FC51722195B56050025AAA7 /* AppDelegate.m */,
				1FC51724195B56050025AAA7 /* Main.storyboard */,
				1FC51727195B56050025AAA7 /* ViewController.h */,
				1FC51728195B56050025AAA7 /* ViewController.m */,
				1FC5172A195B56050025AAA7 /* Images.xcassets */,
				1FC51719195B56050025AAA7 /* Supporting Files */,
			);
			path = DigitalSoundFX_v2;
			sourceTree = "<group>";
		};
		1FC51719195B56050025AAA7 /* Supporting Files */ = {
			isa = PBXGroup;
			children = (
				1FC5171A195B56050025AAA7 /* DigitalSoundFX_v2-Info.plist */,
				1FC5171B195B56050025AAA7 /* InfoPlist.strings */,
				1FC5171E195B56050025AAA7 /* main.m */,
				1FC51720195B56050025AAA7 /* DigitalSoundFX_v2-Prefix.pch */,
			);
			name = "Supporting Files";
			sourceTree = "<group>";
		};
		1FC51737195B56050025AAA7 /* DigitalSoundFX_v2Tests */ = {
			isa = PBXGroup;
			children = (
				1FC5173D195B56050025AAA7 /* DigitalSoundFX_v2Tests.m */,
				1FC51738195B56050025AAA7 /* Supporting Files */,
			);
			path = DigitalSoundFX_v2Tests;
			sourceTree = "<group>";
		};
		1FC51738195B56050025AAA7 /* Supporting Files */ = {
			isa = PBXGroup;
			children = (
				1FC51739195B56050025AAA7 /* DigitalSoundFX_v2Tests-Info.plist */,
				1FC5173A195B56050025AAA7 /* InfoPlist.strings */,
			);
			name = "Supporting Files";
			sourceTree = "<group>";
		};
		1FC51747195B56970025AAA7 /* Audio */ = {
			isa = PBXGroup;
			children = (
				1FC51748195B56970025AAA7 /* AudioController.h */,
				1FC51749195B56970025AAA7 /* AudioController.mm */,
			);
			path = Audio;
			sourceTree = "<group>";
		};
		1FC5174A195B56970025AAA7 /* NVDSP */ = {
			isa = PBXGroup;
			children = (
				1FC5174B195B56970025AAA7 /* Filters */,
				1FC5175E195B56970025AAA7 /* NVDSP.h */,
				1FC5175F195B56970025AAA7 /* NVDSP.mm */,
			);
			path = NVDSP;
			sourceTree = "<group>";
		};
		1FC5174B195B56970025AAA7 /* Filters */ = {
			isa = PBXGroup;
			children = (
				1FC5174C195B56970025AAA7 /* NVAllpassFilter.h */,
				1FC5174D195B56970025AAA7 /* NVAllpassFilter.m */,
				1FC5174E195B56970025AAA7 /* NVBandpassFilter.h */,
				1FC5174F195B56970025AAA7 /* NVBandpassFilter.m */,
				1FC51750195B56970025AAA7 /* NVBandpassQPeakGainFilter.h */,
				1FC51751195B56970025AAA7 /* NVBandpassQPeakGainFilter.m */,
				1FC51752195B56970025AAA7 /* NVHighpassFilter.h */,
				1FC51753195B56970025AAA7 /* NVHighpassFilter.m */,
				1FC51754195B56970025AAA7 /* NVHighShelvingFilter.h */,
				1FC51755195B56970025AAA7 /* NVHighShelvingFilter.m */,
				1FC51756195B56970025AAA7 /* NVLowpassFilter.h */,
				1FC51757195B56970025AAA7 /* NVLowpassFilter.m */,
				1FC51758195B56970025AAA7 /* NVLowShelvingFilter.h */,
				1FC51759195B56970025AAA7 /* NVLowShelvingFilter.m */,
				1FC5175A195B56970025AAA7 /* NVNotchFilter.h */,
				1FC5175B195B56970025AAA7 /* NVNotchFilter.m */,
				1FC5175C195B56970025AAA7 /* NVPeakingEQFilter.h */,
				1FC5175D195B56970025AAA7 /* NVPeakingEQFilter.m */,
			);
			path = Filters;
			sourceTree = "<group>";
		};
		1FC51760195B56970025AAA7 /* Utility */ = {
			isa = PBXGroup;
			children = (
				1FC51761195B56970025AAA7 /* CircularBuffer.h */,
				1FC51762195B56970025AAA7 /* CircularBuffer.m */,
			);
			path = Utility;
			sourceTree = "<group>";
		};
		1FC51763195B56970025AAA7 /* Visual */ = {
			isa = PBXGroup;
			children = (
				1FC51764195B56970025AAA7 /* METScopeView.h */,
				1FC51765195B56970025AAA7 /* METScopeView.m */,
			);
			path = Visual;
			sourceTree = "<group>";
		};
/* End PBXGroup section */

/* Begin PBXNativeTarget section */
		1FC5170E195B56050025AAA7 /* DigitalSoundFX_v2 */ = {
			isa = PBXNativeTarget;
			buildConfigurationList = 1FC51741195B56050025AAA7 /* Build configuration list for PBXNativeTarget "DigitalSoundFX_v2" */;
			buildPhases = (
				1FC5170B195B56050025AAA7 /* Sources */,
				1FC5170C195B56050025AAA7 /* Frameworks */,
				1FC5170D195B56050025AAA7 /* Resources */,
			);
			buildRules = (
			);
			dependencies = (
			);
			name = DigitalSoundFX_v2;
			productName = DigitalSoundFX_v2;
			productReference = 1FC5170F195B56050025AAA7 /* DigitalSoundFX_v2.app */;
			productType = "com.apple.product-type.application";
		};
		1FC5172F195B56050025AAA7 /* DigitalSoundFX_v2Tests */ = {
			isa = PBXNativeTarget;
			buildConfigurationList = 1FC51744195B56050025AAA7 /* Build configuration list for PBXNativeTarget "DigitalSoundFX_v2Tests" */;
			buildPhases = (
				1FC5172C195B56050025AAA7 /* Sources */,
				1FC5172D195B56050025AAA7 /* Frameworks */,
				1FC5172E195B56050025AAA7 /* Resources */,
			);
			buildRules = (
			);
			dependencies = (
				1FC51736195B56050025AAA7 /* PBXTargetDependency */,
			);
			name = DigitalSoundFX_v2Tests;
			productName = DigitalSoundFX_v2Tests;
			productReference = 1FC51730195B56050025AAA7 /* DigitalSoundFX_v2Tests.xctest */;
			productType = "com.apple.product-type.bundle.unit-test";
		};
/* End PBXNativeTarget section */

/* Begin PBXProject section */
		1FC51707195B56050025AAA7 /* Project object */ = {
			isa = PBXProject;
			attributes = {
				LastUpgradeCheck = 0510;
				ORGANIZATIONNAME = "Jeff Gregorio";
				TargetAttributes = {
					1FC5172F195B56050025AAA7 = {
						TestTargetID = 1FC5170E195B56050025AAA7;
					};
				};
			};
			buildConfigurationList = 1FC5170A195B56050025AAA7 /* Build configuration list for PBXProject "DigitalSoundFX_v2" */;
			compatibilityVersion = "Xcode 3.2";
			developmentRegion = English;
			hasScannedForEncodings = 0;
			knownRegions = (
				en,
				Base,
			);
			mainGroup = 1FC51706195B56050025AAA7;
			productRefGroup = 1FC51710195B56050025AAA7 /* Products */;
			projectDirPath = "";
			projectRoot = "";
			targets = (
				1FC5170E195B56050025AAA7 /* DigitalSoundFX_v2 */,
				1FC5172F195B56050025AAA7 /* DigitalSoundFX_v2Tests */,
			);
		};
/* End PBXProject section */

/* Begin PBXResourcesBuildPhase section */
		1FC5170D195B56050025AAA7 /* Resources */ = {
			isa = PBXResourcesBuildPhase;
			buildActionMask = 2147483647;
			files = (
				1FC5172B195B56050025AAA7 /* Images.xcassets in Resources */,
				1FC5171D195B56050025AAA7 /* InfoPlist.strings in Resources */,
				1FC51726195B56050025AAA7 /* Main.storyboard in Resources */,
			);
			runOnlyForDeploymentPostprocessing = 0;
		};
		1FC5172E195B56050025AAA7 /* Resources */ = {
			isa = PBXResourcesBuildPhase;
			buildActionMask = 2147483647;
			files = (
				1FC5173C195B56050025AAA7 /* InfoPlist.strings in Resources */,
			);
			runOnlyForDeploymentPostprocessing = 0;
		};
/* End PBXResourcesBuildPhase section */

/* Begin PBXSourcesBuildPhase section */
		1FC5170B195B56050025AAA7 /* Sources */ = {
			isa = PBXSourcesBuildPhase;
			buildActionMask = 2147483647;
			files = (
				1FC51771195B56970025AAA7 /* CircularBuffer.m in Sources */,
				1FC51766195B56970025AAA7 /* AudioController.mm in Sources */,
				1FC51729195B56050025AAA7 /* ViewController.m in Sources */,
				1FC51767195B56970025AAA7 /* NVAllpassFilter.m in Sources */,
				1FC51772195B56970025AAA7 /* METScopeView.m in Sources */,
				1F22692C196B49A4009D8F18 /* FilterTapRegionView.m in Sources */,
				1FC51723195B56050025AAA7 /* AppDelegate.m in Sources */,
				1FC5176E195B56970025AAA7 /* NVNotchFilter.m in Sources */,
				1FC51770195B56970025AAA7 /* NVDSP.mm in Sources */,
				1FC5176F195B56970025AAA7 /* NVPeakingEQFilter.m in Sources */,
				1FC5171F195B56050025AAA7 /* main.m in Sources */,
				1FC5176C195B56970025AAA7 /* NVLowpassFilter.m in Sources */,
				1FC51769195B56970025AAA7 /* NVBandpassQPeakGainFilter.m in Sources */,
				1FBE91A719775D340097D493 /* PinchRegionView.m in Sources */,
				1FC5176B195B56970025AAA7 /* NVHighShelvingFilter.m in Sources */,
				1FC5176A195B56970025AAA7 /* NVHighpassFilter.m in Sources */,
				1FC5176D195B56970025AAA7 /* NVLowShelvingFilter.m in Sources */,
				1FC51768195B56970025AAA7 /* NVBandpassFilter.m in Sources */,
			);
			runOnlyForDeploymentPostprocessing = 0;
		};
		1FC5172C195B56050025AAA7 /* Sources */ = {
			isa = PBXSourcesBuildPhase;
			buildActionMask = 2147483647;
			files = (
				1FC5173E195B56050025AAA7 /* DigitalSoundFX_v2Tests.m in Sources */,
			);
			runOnlyForDeploymentPostprocessing = 0;
		};
/* End PBXSourcesBuildPhase section */

/* Begin PBXTargetDependency section */
		1FC51736195B56050025AAA7 /* PBXTargetDependency */ = {
			isa = PBXTargetDependency;
			target = 1FC5170E195B56050025AAA7 /* DigitalSoundFX_v2 */;
			targetProxy = 1FC51735195B56050025AAA7 /* PBXContainerItemProxy */;
		};
/* End PBXTargetDependency section */

/* Begin PBXVariantGroup section */
		1FC5171B195B56050025AAA7 /* InfoPlist.strings */ = {
			isa = PBXVariantGroup;
			children = (
				1FC5171C195B56050025AAA7 /* en */,
			);
			name = InfoPlist.strings;
			sourceTree = "<group>";
		};
		1FC51724195B56050025AAA7 /* Main.storyboard */ = {
			isa = PBXVariantGroup;
			children = (
				1FC51725195B56050025AAA7 /* Base */,
			);
			name = Main.storyboard;
			sourceTree = "<group>";
		};
		1FC5173A195B56050025AAA7 /* InfoPlist.strings */ = {
			isa = PBXVariantGroup;
			children = (
				1FC5173B195B56050025AAA7 /* en */,
			);
			name = InfoPlist.strings;
			sourceTree = "<group>";
		};
/* End PBXVariantGroup section */

/* Begin XCBuildConfiguration section */
		1FC5173F195B56050025AAA7 /* Debug */ = {
			isa = XCBuildConfiguration;
			buildSettings = {
				ALWAYS_SEARCH_USER_PATHS = NO;
				CLANG_CXX_LANGUAGE_STANDARD = "gnu++0x";
				CLANG_CXX_LIBRARY = "libc++";
				CLANG_ENABLE_MODULES = YES;
				CLANG_ENABLE_OBJC_ARC = YES;
				CLANG_WARN_BOOL_CONVERSION = YES;
				CLANG_WARN_CONSTANT_CONVERSION = YES;
				CLANG_WARN_DIRECT_OBJC_ISA_USAGE = YES_ERROR;
				CLANG_WARN_EMPTY_BODY = YES;
				CLANG_WARN_ENUM_CONVERSION = YES;
				CLANG_WARN_INT_CONVERSION = YES;
				CLANG_WARN_OBJC_ROOT_CLASS = YES_ERROR;
				CLANG_WARN__DUPLICATE_METHOD_MATCH = YES;
				"CODE_SIGN_IDENTITY[sdk=iphoneos*]" = "iPhone Developer";
				COPY_PHASE_STRIP = NO;
				GCC_C_LANGUAGE_STANDARD = gnu99;
				GCC_DYNAMIC_NO_PIC = NO;
				GCC_OPTIMIZATION_LEVEL = 0;
				GCC_PREPROCESSOR_DEFINITIONS = (
					"DEBUG=1",
					"$(inherited)",
				);
				GCC_SYMBOLS_PRIVATE_EXTERN = NO;
				GCC_WARN_64_TO_32_BIT_CONVERSION = YES;
				GCC_WARN_ABOUT_RETURN_TYPE = YES_ERROR;
				GCC_WARN_UNDECLARED_SELECTOR = YES;
				GCC_WARN_UNINITIALIZED_AUTOS = YES_AGGRESSIVE;
				GCC_WARN_UNUSED_FUNCTION = YES;
				GCC_WARN_UNUSED_VARIABLE = YES;
				IPHONEOS_DEPLOYMENT_TARGET = 7.1;
				ONLY_ACTIVE_ARCH = YES;
				SDKROOT = iphoneos;
				TARGETED_DEVICE_FAMILY = 2;
			};
			name = Debug;
		};
		1FC51740195B56050025AAA7 /* Release */ = {
			isa = XCBuildConfiguration;
			buildSettings = {
				ALWAYS_SEARCH_USER_PATHS = NO;
				CLANG_CXX_LANGUAGE_STANDARD = "gnu++0x";
				CLANG_CXX_LIBRARY = "libc++";
				CLANG_ENABLE_MODULES = YES;
				CLANG_ENABLE_OBJC_ARC = YES;
				CLANG_WARN_BOOL_CONVERSION = YES;
				CLANG_WARN_CONSTANT_CONVERSION = YES;
				CLANG_WARN_DIRECT_OBJC_ISA_USAGE = YES_ERROR;
				CLANG_WARN_EMPTY_BODY = YES;
				CLANG_WARN_ENUM_CONVERSION = YES;
				CLANG_WARN_INT_CONVERSION = YES;
				CLANG_WARN_OBJC_ROOT_CLASS = YES_ERROR;
				CLANG_WARN__DUPLICATE_METHOD_MATCH = YES;
				"CODE_SIGN_IDENTITY[sdk=iphoneos*]" = "iPhone Developer";
				COPY_PHASE_STRIP = YES;
				ENABLE_NS_ASSERTIONS = NO;
				GCC_C_LANGUAGE_STANDARD = gnu99;
				GCC_WARN_64_TO_32_BIT_CONVERSION = YES;
				GCC_WARN_ABOUT_RETURN_TYPE = YES_ERROR;
				GCC_WARN_UNDECLARED_SELECTOR = YES;
				GCC_WARN_UNINITIALIZED_AUTOS = YES_AGGRESSIVE;
				GCC_WARN_UNUSED_FUNCTION = YES;
				GCC_WARN_UNUSED_VARIABLE = YES;
				IPHONEOS_DEPLOYMENT_TARGET = 7.1;
				SDKROOT = iphoneos;
				TARGETED_DEVICE_FAMILY = 2;
				VALIDATE_PRODUCT = YES;
			};
			name = Release;
		};
		1FC51742195B56050025AAA7 /* Debug */ = {
			isa = XCBuildConfiguration;
			buildSettings = {
				ASSETCATALOG_COMPILER_APPICON_NAME = AppIcon;
				ASSETCATALOG_COMPILER_LAUNCHIMAGE_NAME = LaunchImage;
				GCC_PRECOMPILE_PREFIX_HEADER = YES;
				GCC_PREFIX_HEADER = "DigitalSoundFX_v2/DigitalSoundFX_v2-Prefix.pch";
				INFOPLIST_FILE = "DigitalSoundFX_v2/DigitalSoundFX_v2-Info.plist";
				PRODUCT_NAME = "$(TARGET_NAME)";
				WRAPPER_EXTENSION = app;
			};
			name = Debug;
		};
		1FC51743195B56050025AAA7 /* Release */ = {
			isa = XCBuildConfiguration;
			buildSettings = {
				ASSETCATALOG_COMPILER_APPICON_NAME = AppIcon;
				ASSETCATALOG_COMPILER_LAUNCHIMAGE_NAME = LaunchImage;
				GCC_PRECOMPILE_PREFIX_HEADER = YES;
				GCC_PREFIX_HEADER = "DigitalSoundFX_v2/DigitalSoundFX_v2-Prefix.pch";
				INFOPLIST_FILE = "DigitalSoundFX_v2/DigitalSoundFX_v2-Info.plist";
				PRODUCT_NAME = "$(TARGET_NAME)";
				WRAPPER_EXTENSION = app;
			};
			name = Release;
		};
		1FC51745195B56050025AAA7 /* Debug */ = {
			isa = XCBuildConfiguration;
			buildSettings = {
				BUNDLE_LOADER = "$(BUILT_PRODUCTS_DIR)/DigitalSoundFX_v2.app/DigitalSoundFX_v2";
				FRAMEWORK_SEARCH_PATHS = (
					"$(SDKROOT)/Developer/Library/Frameworks",
					"$(inherited)",
					"$(DEVELOPER_FRAMEWORKS_DIR)",
				);
				GCC_PRECOMPILE_PREFIX_HEADER = YES;
				GCC_PREFIX_HEADER = "DigitalSoundFX_v2/DigitalSoundFX_v2-Prefix.pch";
				GCC_PREPROCESSOR_DEFINITIONS = (
					"DEBUG=1",
					"$(inherited)",
				);
				INFOPLIST_FILE = "DigitalSoundFX_v2Tests/DigitalSoundFX_v2Tests-Info.plist";
				PRODUCT_NAME = "$(TARGET_NAME)";
				TEST_HOST = "$(BUNDLE_LOADER)";
				WRAPPER_EXTENSION = xctest;
			};
			name = Debug;
		};
		1FC51746195B56050025AAA7 /* Release */ = {
			isa = XCBuildConfiguration;
			buildSettings = {
				BUNDLE_LOADER = "$(BUILT_PRODUCTS_DIR)/DigitalSoundFX_v2.app/DigitalSoundFX_v2";
				FRAMEWORK_SEARCH_PATHS = (
					"$(SDKROOT)/Developer/Library/Frameworks",
					"$(inherited)",
					"$(DEVELOPER_FRAMEWORKS_DIR)",
				);
				GCC_PRECOMPILE_PREFIX_HEADER = YES;
				GCC_PREFIX_HEADER = "DigitalSoundFX_v2/DigitalSoundFX_v2-Prefix.pch";
				INFOPLIST_FILE = "DigitalSoundFX_v2Tests/DigitalSoundFX_v2Tests-Info.plist";
				PRODUCT_NAME = "$(TARGET_NAME)";
				TEST_HOST = "$(BUNDLE_LOADER)";
				WRAPPER_EXTENSION = xctest;
			};
			name = Release;
		};
/* End XCBuildConfiguration section */

/* Begin XCConfigurationList section */
		1FC5170A195B56050025AAA7 /* Build configuration list for PBXProject "DigitalSoundFX_v2" */ = {
			isa = XCConfigurationList;
			buildConfigurations = (
				1FC5173F195B56050025AAA7 /* Debug */,
				1FC51740195B56050025AAA7 /* Release */,
			);
			defaultConfigurationIsVisible = 0;
			defaultConfigurationName = Release;
		};
		1FC51741195B56050025AAA7 /* Build configuration list for PBXNativeTarget "DigitalSoundFX_v2" */ = {
			isa = XCConfigurationList;
			buildConfigurations = (
				1FC51742195B56050025AAA7 /* Debug */,
				1FC51743195B56050025AAA7 /* Release */,
			);
			defaultConfigurationIsVisible = 0;
			defaultConfigurationName = Release;
		};
		1FC51744195B56050025AAA7 /* Build configuration list for PBXNativeTarget "DigitalSoundFX_v2Tests" */ = {
			isa = XCConfigurationList;
			buildConfigurations = (
				1FC51745195B56050025AAA7 /* Debug */,
				1FC51746195B56050025AAA7 /* Release */,
			);
			defaultConfigurationIsVisible = 0;
			defaultConfigurationName = Release;
		};
/* End XCConfigurationList section */
	};
	rootObject = 1FC51707195B56050025AAA7 /* Project object */;
}
