// !$*UTF8*$!
{
	archiveVersion = 1;
	classes = {
	};
	objectVersion = 46;
	objects = {

/* Begin PBXBuildFile section */
		1F7A32571939482F008B08AA /* NVAllpassFilter.m in Sources */ = {isa = PBXBuildFile; fileRef = 1F7A32441939482F008B08AA /* NVAllpassFilter.m */; };
		1F7A32581939482F008B08AA /* NVBandpassFilter.m in Sources */ = {isa = PBXBuildFile; fileRef = 1F7A32461939482F008B08AA /* NVBandpassFilter.m */; };
		1F7A32591939482F008B08AA /* NVBandpassQPeakGainFilter.m in Sources */ = {isa = PBXBuildFile; fileRef = 1F7A32481939482F008B08AA /* NVBandpassQPeakGainFilter.m */; };
		1F7A325A1939482F008B08AA /* NVHighpassFilter.m in Sources */ = {isa = PBXBuildFile; fileRef = 1F7A324A1939482F008B08AA /* NVHighpassFilter.m */; };
		1F7A325B1939482F008B08AA /* NVHighShelvingFilter.m in Sources */ = {isa = PBXBuildFile; fileRef = 1F7A324C1939482F008B08AA /* NVHighShelvingFilter.m */; };
		1F7A325C1939482F008B08AA /* NVLowpassFilter.m in Sources */ = {isa = PBXBuildFile; fileRef = 1F7A324E1939482F008B08AA /* NVLowpassFilter.m */; };
		1F7A325D1939482F008B08AA /* NVLowShelvingFilter.m in Sources */ = {isa = PBXBuildFile; fileRef = 1F7A32501939482F008B08AA /* NVLowShelvingFilter.m */; };
		1F7A325E1939482F008B08AA /* NVNotchFilter.m in Sources */ = {isa = PBXBuildFile; fileRef = 1F7A32521939482F008B08AA /* NVNotchFilter.m */; };
		1F7A325F1939482F008B08AA /* NVPeakingEQFilter.m in Sources */ = {isa = PBXBuildFile; fileRef = 1F7A32541939482F008B08AA /* NVPeakingEQFilter.m */; };
		1F7A32601939482F008B08AA /* NVDSP.mm in Sources */ = {isa = PBXBuildFile; fileRef = 1F7A32561939482F008B08AA /* NVDSP.mm */; };
		1F7A32631939579B008B08AA /* EnvelopeView.m in Sources */ = {isa = PBXBuildFile; fileRef = 1F7A32621939579B008B08AA /* EnvelopeView.m */; };
		1F7A32AF193D2E84008B08AA /* FunctionDrawView.m in Sources */ = {isa = PBXBuildFile; fileRef = 1F7A32AE193D2E84008B08AA /* FunctionDrawView.m */; };
		1FC51705195A09880025AAA7 /* CircularBuffer.m in Sources */ = {isa = PBXBuildFile; fileRef = 1FC51704195A09880025AAA7 /* CircularBuffer.m */; };
		1FD529F91920481B0048AE0F /* Foundation.framework in Frameworks */ = {isa = PBXBuildFile; fileRef = 1FD529F81920481B0048AE0F /* Foundation.framework */; };
		1FD529FB1920481B0048AE0F /* CoreGraphics.framework in Frameworks */ = {isa = PBXBuildFile; fileRef = 1FD529FA1920481B0048AE0F /* CoreGraphics.framework */; };
		1FD529FD1920481B0048AE0F /* UIKit.framework in Frameworks */ = {isa = PBXBuildFile; fileRef = 1FD529FC1920481B0048AE0F /* UIKit.framework */; };
		1FD52A031920481B0048AE0F /* InfoPlist.strings in Resources */ = {isa = PBXBuildFile; fileRef = 1FD52A011920481B0048AE0F /* InfoPlist.strings */; };
		1FD52A051920481B0048AE0F /* main.m in Sources */ = {isa = PBXBuildFile; fileRef = 1FD52A041920481B0048AE0F /* main.m */; };
		1FD52A091920481B0048AE0F /* AppDelegate.m in Sources */ = {isa = PBXBuildFile; fileRef = 1FD52A081920481B0048AE0F /* AppDelegate.m */; };
		1FD52A0C1920481B0048AE0F /* Main.storyboard in Resources */ = {isa = PBXBuildFile; fileRef = 1FD52A0A1920481B0048AE0F /* Main.storyboard */; };
		1FD52A0F1920481B0048AE0F /* ViewController.m in Sources */ = {isa = PBXBuildFile; fileRef = 1FD52A0E1920481B0048AE0F /* ViewController.m */; };
		1FD52A111920481B0048AE0F /* Images.xcassets in Resources */ = {isa = PBXBuildFile; fileRef = 1FD52A101920481B0048AE0F /* Images.xcassets */; };
		1FD52A181920481B0048AE0F /* XCTest.framework in Frameworks */ = {isa = PBXBuildFile; fileRef = 1FD52A171920481B0048AE0F /* XCTest.framework */; };
		1FD52A191920481B0048AE0F /* Foundation.framework in Frameworks */ = {isa = PBXBuildFile; fileRef = 1FD529F81920481B0048AE0F /* Foundation.framework */; };
		1FD52A1A1920481B0048AE0F /* UIKit.framework in Frameworks */ = {isa = PBXBuildFile; fileRef = 1FD529FC1920481B0048AE0F /* UIKit.framework */; };
		1FD52A221920481B0048AE0F /* InfoPlist.strings in Resources */ = {isa = PBXBuildFile; fileRef = 1FD52A201920481B0048AE0F /* InfoPlist.strings */; };
		1FD52A241920481B0048AE0F /* DigitalSoundFXTests.m in Sources */ = {isa = PBXBuildFile; fileRef = 1FD52A231920481B0048AE0F /* DigitalSoundFXTests.m */; };
		1FD52A3219204C620048AE0F /* AudioController.mm in Sources */ = {isa = PBXBuildFile; fileRef = 1FD52A3119204C620048AE0F /* AudioController.mm */; };
		1FD52A34192062D60048AE0F /* AudioToolbox.framework in Frameworks */ = {isa = PBXBuildFile; fileRef = 1FD52A33192062D60048AE0F /* AudioToolbox.framework */; };
		1FF2BB12192720680051B49D /* METScopeView.m in Sources */ = {isa = PBXBuildFile; fileRef = 1FF2BB11192720680051B49D /* METScopeView.m */; };
/* End PBXBuildFile section */

/* Begin PBXContainerItemProxy section */
		1FD52A1B1920481B0048AE0F /* PBXContainerItemProxy */ = {
			isa = PBXContainerItemProxy;
			containerPortal = 1FD529ED1920481B0048AE0F /* Project object */;
			proxyType = 1;
			remoteGlobalIDString = 1FD529F41920481B0048AE0F;
			remoteInfo = DigitalSoundFX;
		};
/* End PBXContainerItemProxy section */

/* Begin PBXFileReference section */
		1F7A32431939482F008B08AA /* NVAllpassFilter.h */ = {isa = PBXFileReference; fileEncoding = 4; lastKnownFileType = sourcecode.c.h; path = NVAllpassFilter.h; sourceTree = "<group>"; };
		1F7A32441939482F008B08AA /* NVAllpassFilter.m */ = {isa = PBXFileReference; fileEncoding = 4; lastKnownFileType = sourcecode.c.objc; path = NVAllpassFilter.m; sourceTree = "<group>"; };
		1F7A32451939482F008B08AA /* NVBandpassFilter.h */ = {isa = PBXFileReference; fileEncoding = 4; lastKnownFileType = sourcecode.c.h; path = NVBandpassFilter.h; sourceTree = "<group>"; };
		1F7A32461939482F008B08AA /* NVBandpassFilter.m */ = {isa = PBXFileReference; fileEncoding = 4; lastKnownFileType = sourcecode.c.objc; path = NVBandpassFilter.m; sourceTree = "<group>"; };
		1F7A32471939482F008B08AA /* NVBandpassQPeakGainFilter.h */ = {isa = PBXFileReference; fileEncoding = 4; lastKnownFileType = sourcecode.c.h; path = NVBandpassQPeakGainFilter.h; sourceTree = "<group>"; };
		1F7A32481939482F008B08AA /* NVBandpassQPeakGainFilter.m */ = {isa = PBXFileReference; fileEncoding = 4; lastKnownFileType = sourcecode.c.objc; path = NVBandpassQPeakGainFilter.m; sourceTree = "<group>"; };
		1F7A32491939482F008B08AA /* NVHighpassFilter.h */ = {isa = PBXFileReference; fileEncoding = 4; lastKnownFileType = sourcecode.c.h; path = NVHighpassFilter.h; sourceTree = "<group>"; };
		1F7A324A1939482F008B08AA /* NVHighpassFilter.m */ = {isa = PBXFileReference; fileEncoding = 4; lastKnownFileType = sourcecode.c.objc; path = NVHighpassFilter.m; sourceTree = "<group>"; };
		1F7A324B1939482F008B08AA /* NVHighShelvingFilter.h */ = {isa = PBXFileReference; fileEncoding = 4; lastKnownFileType = sourcecode.c.h; path = NVHighShelvingFilter.h; sourceTree = "<group>"; };
		1F7A324C1939482F008B08AA /* NVHighShelvingFilter.m */ = {isa = PBXFileReference; fileEncoding = 4; lastKnownFileType = sourcecode.c.objc; path = NVHighShelvingFilter.m; sourceTree = "<group>"; };
		1F7A324D1939482F008B08AA /* NVLowpassFilter.h */ = {isa = PBXFileReference; fileEncoding = 4; lastKnownFileType = sourcecode.c.h; path = NVLowpassFilter.h; sourceTree = "<group>"; };
		1F7A324E1939482F008B08AA /* NVLowpassFilter.m */ = {isa = PBXFileReference; fileEncoding = 4; lastKnownFileType = sourcecode.c.objc; path = NVLowpassFilter.m; sourceTree = "<group>"; };
		1F7A324F1939482F008B08AA /* NVLowShelvingFilter.h */ = {isa = PBXFileReference; fileEncoding = 4; lastKnownFileType = sourcecode.c.h; path = NVLowShelvingFilter.h; sourceTree = "<group>"; };
		1F7A32501939482F008B08AA /* NVLowShelvingFilter.m */ = {isa = PBXFileReference; fileEncoding = 4; lastKnownFileType = sourcecode.c.objc; path = NVLowShelvingFilter.m; sourceTree = "<group>"; };
		1F7A32511939482F008B08AA /* NVNotchFilter.h */ = {isa = PBXFileReference; fileEncoding = 4; lastKnownFileType = sourcecode.c.h; path = NVNotchFilter.h; sourceTree = "<group>"; };
		1F7A32521939482F008B08AA /* NVNotchFilter.m */ = {isa = PBXFileReference; fileEncoding = 4; lastKnownFileType = sourcecode.c.objc; path = NVNotchFilter.m; sourceTree = "<group>"; };
		1F7A32531939482F008B08AA /* NVPeakingEQFilter.h */ = {isa = PBXFileReference; fileEncoding = 4; lastKnownFileType = sourcecode.c.h; path = NVPeakingEQFilter.h; sourceTree = "<group>"; };
		1F7A32541939482F008B08AA /* NVPeakingEQFilter.m */ = {isa = PBXFileReference; fileEncoding = 4; lastKnownFileType = sourcecode.c.objc; path = NVPeakingEQFilter.m; sourceTree = "<group>"; };
		1F7A32551939482F008B08AA /* NVDSP.h */ = {isa = PBXFileReference; fileEncoding = 4; lastKnownFileType = sourcecode.c.h; path = NVDSP.h; sourceTree = "<group>"; };
		1F7A32561939482F008B08AA /* NVDSP.mm */ = {isa = PBXFileReference; fileEncoding = 4; lastKnownFileType = sourcecode.cpp.objcpp; path = NVDSP.mm; sourceTree = "<group>"; };
		1F7A32611939579B008B08AA /* EnvelopeView.h */ = {isa = PBXFileReference; fileEncoding = 4; lastKnownFileType = sourcecode.c.h; name = EnvelopeView.h; path = DigitalSoundFX/EnvelopeView.h; sourceTree = "<group>"; };
		1F7A32621939579B008B08AA /* EnvelopeView.m */ = {isa = PBXFileReference; fileEncoding = 4; lastKnownFileType = sourcecode.c.objc; name = EnvelopeView.m; path = DigitalSoundFX/EnvelopeView.m; sourceTree = "<group>"; };
		1F7A32AD193D2E84008B08AA /* FunctionDrawView.h */ = {isa = PBXFileReference; fileEncoding = 4; lastKnownFileType = sourcecode.c.h; name = FunctionDrawView.h; path = DigitalSoundFX/FunctionDrawView.h; sourceTree = "<group>"; };
		1F7A32AE193D2E84008B08AA /* FunctionDrawView.m */ = {isa = PBXFileReference; fileEncoding = 4; lastKnownFileType = sourcecode.c.objc; name = FunctionDrawView.m; path = DigitalSoundFX/FunctionDrawView.m; sourceTree = "<group>"; };
		1FC51703195A09880025AAA7 /* CircularBuffer.h */ = {isa = PBXFileReference; fileEncoding = 4; lastKnownFileType = sourcecode.c.h; path = CircularBuffer.h; sourceTree = "<group>"; };
		1FC51704195A09880025AAA7 /* CircularBuffer.m */ = {isa = PBXFileReference; fileEncoding = 4; lastKnownFileType = sourcecode.c.objc; path = CircularBuffer.m; sourceTree = "<group>"; };
		1FD529F51920481B0048AE0F /* DigitalSoundFX.app */ = {isa = PBXFileReference; explicitFileType = wrapper.application; includeInIndex = 0; path = DigitalSoundFX.app; sourceTree = BUILT_PRODUCTS_DIR; };
		1FD529F81920481B0048AE0F /* Foundation.framework */ = {isa = PBXFileReference; lastKnownFileType = wrapper.framework; name = Foundation.framework; path = System/Library/Frameworks/Foundation.framework; sourceTree = SDKROOT; };
		1FD529FA1920481B0048AE0F /* CoreGraphics.framework */ = {isa = PBXFileReference; lastKnownFileType = wrapper.framework; name = CoreGraphics.framework; path = System/Library/Frameworks/CoreGraphics.framework; sourceTree = SDKROOT; };
		1FD529FC1920481B0048AE0F /* UIKit.framework */ = {isa = PBXFileReference; lastKnownFileType = wrapper.framework; name = UIKit.framework; path = System/Library/Frameworks/UIKit.framework; sourceTree = SDKROOT; };
		1FD52A001920481B0048AE0F /* DigitalSoundFX-Info.plist */ = {isa = PBXFileReference; lastKnownFileType = text.plist.xml; path = "DigitalSoundFX-Info.plist"; sourceTree = "<group>"; };
		1FD52A021920481B0048AE0F /* en */ = {isa = PBXFileReference; lastKnownFileType = text.plist.strings; name = en; path = en.lproj/InfoPlist.strings; sourceTree = "<group>"; };
		1FD52A041920481B0048AE0F /* main.m */ = {isa = PBXFileReference; lastKnownFileType = sourcecode.c.objc; path = main.m; sourceTree = "<group>"; };
		1FD52A061920481B0048AE0F /* DigitalSoundFX-Prefix.pch */ = {isa = PBXFileReference; lastKnownFileType = sourcecode.c.h; path = "DigitalSoundFX-Prefix.pch"; sourceTree = "<group>"; };
		1FD52A071920481B0048AE0F /* AppDelegate.h */ = {isa = PBXFileReference; lastKnownFileType = sourcecode.c.h; path = AppDelegate.h; sourceTree = "<group>"; };
		1FD52A081920481B0048AE0F /* AppDelegate.m */ = {isa = PBXFileReference; lastKnownFileType = sourcecode.c.objc; path = AppDelegate.m; sourceTree = "<group>"; };
		1FD52A0B1920481B0048AE0F /* Base */ = {isa = PBXFileReference; lastKnownFileType = file.storyboard; name = Base; path = Base.lproj/Main.storyboard; sourceTree = "<group>"; };
		1FD52A0D1920481B0048AE0F /* ViewController.h */ = {isa = PBXFileReference; lastKnownFileType = sourcecode.c.h; path = ViewController.h; sourceTree = "<group>"; };
		1FD52A0E1920481B0048AE0F /* ViewController.m */ = {isa = PBXFileReference; lastKnownFileType = sourcecode.c.objc; path = ViewController.m; sourceTree = "<group>"; };
		1FD52A101920481B0048AE0F /* Images.xcassets */ = {isa = PBXFileReference; lastKnownFileType = folder.assetcatalog; path = Images.xcassets; sourceTree = "<group>"; };
		1FD52A161920481B0048AE0F /* DigitalSoundFXTests.xctest */ = {isa = PBXFileReference; explicitFileType = wrapper.cfbundle; includeInIndex = 0; path = DigitalSoundFXTests.xctest; sourceTree = BUILT_PRODUCTS_DIR; };
		1FD52A171920481B0048AE0F /* XCTest.framework */ = {isa = PBXFileReference; lastKnownFileType = wrapper.framework; name = XCTest.framework; path = Library/Frameworks/XCTest.framework; sourceTree = DEVELOPER_DIR; };
		1FD52A1F1920481B0048AE0F /* DigitalSoundFXTests-Info.plist */ = {isa = PBXFileReference; lastKnownFileType = text.plist.xml; path = "DigitalSoundFXTests-Info.plist"; sourceTree = "<group>"; };
		1FD52A211920481B0048AE0F /* en */ = {isa = PBXFileReference; lastKnownFileType = text.plist.strings; name = en; path = en.lproj/InfoPlist.strings; sourceTree = "<group>"; };
		1FD52A231920481B0048AE0F /* DigitalSoundFXTests.m */ = {isa = PBXFileReference; lastKnownFileType = sourcecode.c.objc; path = DigitalSoundFXTests.m; sourceTree = "<group>"; };
		1FD52A3019204C620048AE0F /* AudioController.h */ = {isa = PBXFileReference; fileEncoding = 4; lastKnownFileType = sourcecode.c.h; name = AudioController.h; path = DigitalSoundFX/AudioController.h; sourceTree = "<group>"; };
		1FD52A3119204C620048AE0F /* AudioController.mm */ = {isa = PBXFileReference; fileEncoding = 4; lastKnownFileType = sourcecode.cpp.objcpp; name = AudioController.mm; path = DigitalSoundFX/AudioController.mm; sourceTree = "<group>"; };
		1FD52A33192062D60048AE0F /* AudioToolbox.framework */ = {isa = PBXFileReference; lastKnownFileType = wrapper.framework; name = AudioToolbox.framework; path = System/Library/Frameworks/AudioToolbox.framework; sourceTree = SDKROOT; };
		1FF2BB10192720680051B49D /* METScopeView.h */ = {isa = PBXFileReference; fileEncoding = 4; lastKnownFileType = sourcecode.c.h; name = METScopeView.h; path = DigitalSoundFX/METScopeView.h; sourceTree = "<group>"; };
		1FF2BB11192720680051B49D /* METScopeView.m */ = {isa = PBXFileReference; fileEncoding = 4; lastKnownFileType = sourcecode.c.objc; name = METScopeView.m; path = DigitalSoundFX/METScopeView.m; sourceTree = "<group>"; };
/* End PBXFileReference section */

/* Begin PBXFrameworksBuildPhase section */
		1FD529F21920481B0048AE0F /* Frameworks */ = {
			isa = PBXFrameworksBuildPhase;
			buildActionMask = 2147483647;
			files = (
				1FD52A34192062D60048AE0F /* AudioToolbox.framework in Frameworks */,
				1FD529FB1920481B0048AE0F /* CoreGraphics.framework in Frameworks */,
				1FD529FD1920481B0048AE0F /* UIKit.framework in Frameworks */,
				1FD529F91920481B0048AE0F /* Foundation.framework in Frameworks */,
			);
			runOnlyForDeploymentPostprocessing = 0;
		};
		1FD52A131920481B0048AE0F /* Frameworks */ = {
			isa = PBXFrameworksBuildPhase;
			buildActionMask = 2147483647;
			files = (
				1FD52A181920481B0048AE0F /* XCTest.framework in Frameworks */,
				1FD52A1A1920481B0048AE0F /* UIKit.framework in Frameworks */,
				1FD52A191920481B0048AE0F /* Foundation.framework in Frameworks */,
			);
			runOnlyForDeploymentPostprocessing = 0;
		};
/* End PBXFrameworksBuildPhase section */

/* Begin PBXGroup section */
		1F7A32411939482F008B08AA /* NVDSP */ = {
			isa = PBXGroup;
			children = (
				1F7A32421939482F008B08AA /* Filters */,
				1F7A32551939482F008B08AA /* NVDSP.h */,
				1F7A32561939482F008B08AA /* NVDSP.mm */,
			);
			path = NVDSP;
			sourceTree = "<group>";
		};
		1F7A32421939482F008B08AA /* Filters */ = {
			isa = PBXGroup;
			children = (
				1F7A32431939482F008B08AA /* NVAllpassFilter.h */,
				1F7A32441939482F008B08AA /* NVAllpassFilter.m */,
				1F7A32451939482F008B08AA /* NVBandpassFilter.h */,
				1F7A32461939482F008B08AA /* NVBandpassFilter.m */,
				1F7A32471939482F008B08AA /* NVBandpassQPeakGainFilter.h */,
				1F7A32481939482F008B08AA /* NVBandpassQPeakGainFilter.m */,
				1F7A32491939482F008B08AA /* NVHighpassFilter.h */,
				1F7A324A1939482F008B08AA /* NVHighpassFilter.m */,
				1F7A324B1939482F008B08AA /* NVHighShelvingFilter.h */,
				1F7A324C1939482F008B08AA /* NVHighShelvingFilter.m */,
				1F7A324D1939482F008B08AA /* NVLowpassFilter.h */,
				1F7A324E1939482F008B08AA /* NVLowpassFilter.m */,
				1F7A324F1939482F008B08AA /* NVLowShelvingFilter.h */,
				1F7A32501939482F008B08AA /* NVLowShelvingFilter.m */,
				1F7A32511939482F008B08AA /* NVNotchFilter.h */,
				1F7A32521939482F008B08AA /* NVNotchFilter.m */,
				1F7A32531939482F008B08AA /* NVPeakingEQFilter.h */,
				1F7A32541939482F008B08AA /* NVPeakingEQFilter.m */,
			);
			path = Filters;
			sourceTree = "<group>";
		};
		1FC516FC1959EE270025AAA7 /* Utility */ = {
			isa = PBXGroup;
			children = (
				1FC51703195A09880025AAA7 /* CircularBuffer.h */,
				1FC51704195A09880025AAA7 /* CircularBuffer.m */,
			);
			path = Utility;
			sourceTree = "<group>";
		};
		1FD529EC1920481B0048AE0F = {
			isa = PBXGroup;
			children = (
				1F7A32AD193D2E84008B08AA /* FunctionDrawView.h */,
				1F7A32AE193D2E84008B08AA /* FunctionDrawView.m */,
				1F7A32411939482F008B08AA /* NVDSP */,
				1FF2BB131927206D0051B49D /* Visual */,
				1FD52A381923EA2E0048AE0F /* Audio */,
				1FD529FE1920481B0048AE0F /* DigitalSoundFX */,
				1FD52A1D1920481B0048AE0F /* DigitalSoundFXTests */,
				1FD529F71920481B0048AE0F /* Frameworks */,
				1FD529F61920481B0048AE0F /* Products */,
			);
			sourceTree = "<group>";
		};
		1FD529F61920481B0048AE0F /* Products */ = {
			isa = PBXGroup;
			children = (
				1FD529F51920481B0048AE0F /* DigitalSoundFX.app */,
				1FD52A161920481B0048AE0F /* DigitalSoundFXTests.xctest */,
			);
			name = Products;
			sourceTree = "<group>";
		};
		1FD529F71920481B0048AE0F /* Frameworks */ = {
			isa = PBXGroup;
			children = (
				1FD52A33192062D60048AE0F /* AudioToolbox.framework */,
				1FD529F81920481B0048AE0F /* Foundation.framework */,
				1FD529FA1920481B0048AE0F /* CoreGraphics.framework */,
				1FD529FC1920481B0048AE0F /* UIKit.framework */,
				1FD52A171920481B0048AE0F /* XCTest.framework */,
			);
			name = Frameworks;
			sourceTree = "<group>";
		};
		1FD529FE1920481B0048AE0F /* DigitalSoundFX */ = {
			isa = PBXGroup;
			children = (
				1FD52A071920481B0048AE0F /* AppDelegate.h */,
				1FD52A081920481B0048AE0F /* AppDelegate.m */,
				1FD52A0A1920481B0048AE0F /* Main.storyboard */,
				1FD52A0D1920481B0048AE0F /* ViewController.h */,
				1FD52A0E1920481B0048AE0F /* ViewController.m */,
				1FD52A101920481B0048AE0F /* Images.xcassets */,
				1FD529FF1920481B0048AE0F /* Supporting Files */,
			);
			path = DigitalSoundFX;
			sourceTree = "<group>";
		};
		1FD529FF1920481B0048AE0F /* Supporting Files */ = {
			isa = PBXGroup;
			children = (
				1FD52A001920481B0048AE0F /* DigitalSoundFX-Info.plist */,
				1FD52A011920481B0048AE0F /* InfoPlist.strings */,
				1FD52A041920481B0048AE0F /* main.m */,
				1FD52A061920481B0048AE0F /* DigitalSoundFX-Prefix.pch */,
			);
			name = "Supporting Files";
			sourceTree = "<group>";
		};
		1FD52A1D1920481B0048AE0F /* DigitalSoundFXTests */ = {
			isa = PBXGroup;
			children = (
				1FD52A231920481B0048AE0F /* DigitalSoundFXTests.m */,
				1FD52A1E1920481B0048AE0F /* Supporting Files */,
			);
			path = DigitalSoundFXTests;
			sourceTree = "<group>";
		};
		1FD52A1E1920481B0048AE0F /* Supporting Files */ = {
			isa = PBXGroup;
			children = (
				1FD52A1F1920481B0048AE0F /* DigitalSoundFXTests-Info.plist */,
				1FD52A201920481B0048AE0F /* InfoPlist.strings */,
			);
			name = "Supporting Files";
			sourceTree = "<group>";
		};
		1FD52A381923EA2E0048AE0F /* Audio */ = {
			isa = PBXGroup;
			children = (
				1FC516FC1959EE270025AAA7 /* Utility */,
				1FD52A3019204C620048AE0F /* AudioController.h */,
				1FD52A3119204C620048AE0F /* AudioController.mm */,
			);
			name = Audio;
			sourceTree = "<group>";
		};
		1FF2BB131927206D0051B49D /* Visual */ = {
			isa = PBXGroup;
			children = (
				1F7A32611939579B008B08AA /* EnvelopeView.h */,
				1F7A32621939579B008B08AA /* EnvelopeView.m */,
				1FF2BB10192720680051B49D /* METScopeView.h */,
				1FF2BB11192720680051B49D /* METScopeView.m */,
			);
			name = Visual;
			sourceTree = "<group>";
		};
/* End PBXGroup section */

/* Begin PBXNativeTarget section */
		1FD529F41920481B0048AE0F /* DigitalSoundFX */ = {
			isa = PBXNativeTarget;
			buildConfigurationList = 1FD52A271920481B0048AE0F /* Build configuration list for PBXNativeTarget "DigitalSoundFX" */;
			buildPhases = (
				1FD529F11920481B0048AE0F /* Sources */,
				1FD529F21920481B0048AE0F /* Frameworks */,
				1FD529F31920481B0048AE0F /* Resources */,
			);
			buildRules = (
			);
			dependencies = (
			);
			name = DigitalSoundFX;
			productName = DigitalSoundFX;
			productReference = 1FD529F51920481B0048AE0F /* DigitalSoundFX.app */;
			productType = "com.apple.product-type.application";
		};
		1FD52A151920481B0048AE0F /* DigitalSoundFXTests */ = {
			isa = PBXNativeTarget;
			buildConfigurationList = 1FD52A2A1920481B0048AE0F /* Build configuration list for PBXNativeTarget "DigitalSoundFXTests" */;
			buildPhases = (
				1FD52A121920481B0048AE0F /* Sources */,
				1FD52A131920481B0048AE0F /* Frameworks */,
				1FD52A141920481B0048AE0F /* Resources */,
			);
			buildRules = (
			);
			dependencies = (
				1FD52A1C1920481B0048AE0F /* PBXTargetDependency */,
			);
			name = DigitalSoundFXTests;
			productName = DigitalSoundFXTests;
			productReference = 1FD52A161920481B0048AE0F /* DigitalSoundFXTests.xctest */;
			productType = "com.apple.product-type.bundle.unit-test";
		};
/* End PBXNativeTarget section */

/* Begin PBXProject section */
		1FD529ED1920481B0048AE0F /* Project object */ = {
			isa = PBXProject;
			attributes = {
				LastUpgradeCheck = 0510;
				ORGANIZATIONNAME = "Jeff Gregorio";
				TargetAttributes = {
					1FD52A151920481B0048AE0F = {
						TestTargetID = 1FD529F41920481B0048AE0F;
					};
				};
			};
			buildConfigurationList = 1FD529F01920481B0048AE0F /* Build configuration list for PBXProject "DigitalSoundFX" */;
			compatibilityVersion = "Xcode 3.2";
			developmentRegion = English;
			hasScannedForEncodings = 0;
			knownRegions = (
				en,
				Base,
			);
			mainGroup = 1FD529EC1920481B0048AE0F;
			productRefGroup = 1FD529F61920481B0048AE0F /* Products */;
			projectDirPath = "";
			projectRoot = "";
			targets = (
				1FD529F41920481B0048AE0F /* DigitalSoundFX */,
				1FD52A151920481B0048AE0F /* DigitalSoundFXTests */,
			);
		};
/* End PBXProject section */

/* Begin PBXResourcesBuildPhase section */
		1FD529F31920481B0048AE0F /* Resources */ = {
			isa = PBXResourcesBuildPhase;
			buildActionMask = 2147483647;
			files = (
				1FD52A111920481B0048AE0F /* Images.xcassets in Resources */,
				1FD52A031920481B0048AE0F /* InfoPlist.strings in Resources */,
				1FD52A0C1920481B0048AE0F /* Main.storyboard in Resources */,
			);
			runOnlyForDeploymentPostprocessing = 0;
		};
		1FD52A141920481B0048AE0F /* Resources */ = {
			isa = PBXResourcesBuildPhase;
			buildActionMask = 2147483647;
			files = (
				1FD52A221920481B0048AE0F /* InfoPlist.strings in Resources */,
			);
			runOnlyForDeploymentPostprocessing = 0;
		};
/* End PBXResourcesBuildPhase section */

/* Begin PBXSourcesBuildPhase section */
		1FD529F11920481B0048AE0F /* Sources */ = {
			isa = PBXSourcesBuildPhase;
			buildActionMask = 2147483647;
			files = (
				1FC51705195A09880025AAA7 /* CircularBuffer.m in Sources */,
				1FF2BB12192720680051B49D /* METScopeView.m in Sources */,
				1F7A325B1939482F008B08AA /* NVHighShelvingFilter.m in Sources */,
				1F7A32631939579B008B08AA /* EnvelopeView.m in Sources */,
				1F7A32AF193D2E84008B08AA /* FunctionDrawView.m in Sources */,
				1F7A325A1939482F008B08AA /* NVHighpassFilter.m in Sources */,
				1F7A325C1939482F008B08AA /* NVLowpassFilter.m in Sources */,
				1F7A325D1939482F008B08AA /* NVLowShelvingFilter.m in Sources */,
				1FD52A3219204C620048AE0F /* AudioController.mm in Sources */,
				1F7A32601939482F008B08AA /* NVDSP.mm in Sources */,
				1FD52A0F1920481B0048AE0F /* ViewController.m in Sources */,
				1F7A325E1939482F008B08AA /* NVNotchFilter.m in Sources */,
				1FD52A091920481B0048AE0F /* AppDelegate.m in Sources */,
				1F7A32581939482F008B08AA /* NVBandpassFilter.m in Sources */,
				1F7A32591939482F008B08AA /* NVBandpassQPeakGainFilter.m in Sources */,
				1F7A325F1939482F008B08AA /* NVPeakingEQFilter.m in Sources */,
				1F7A32571939482F008B08AA /* NVAllpassFilter.m in Sources */,
				1FD52A051920481B0048AE0F /* main.m in Sources */,
			);
			runOnlyForDeploymentPostprocessing = 0;
		};
		1FD52A121920481B0048AE0F /* Sources */ = {
			isa = PBXSourcesBuildPhase;
			buildActionMask = 2147483647;
			files = (
				1FD52A241920481B0048AE0F /* DigitalSoundFXTests.m in Sources */,
			);
			runOnlyForDeploymentPostprocessing = 0;
		};
/* End PBXSourcesBuildPhase section */

/* Begin PBXTargetDependency section */
		1FD52A1C1920481B0048AE0F /* PBXTargetDependency */ = {
			isa = PBXTargetDependency;
			target = 1FD529F41920481B0048AE0F /* DigitalSoundFX */;
			targetProxy = 1FD52A1B1920481B0048AE0F /* PBXContainerItemProxy */;
		};
/* End PBXTargetDependency section */

/* Begin PBXVariantGroup section */
		1FD52A011920481B0048AE0F /* InfoPlist.strings */ = {
			isa = PBXVariantGroup;
			children = (
				1FD52A021920481B0048AE0F /* en */,
			);
			name = InfoPlist.strings;
			sourceTree = "<group>";
		};
		1FD52A0A1920481B0048AE0F /* Main.storyboard */ = {
			isa = PBXVariantGroup;
			children = (
				1FD52A0B1920481B0048AE0F /* Base */,
			);
			name = Main.storyboard;
			sourceTree = "<group>";
		};
		1FD52A201920481B0048AE0F /* InfoPlist.strings */ = {
			isa = PBXVariantGroup;
			children = (
				1FD52A211920481B0048AE0F /* en */,
			);
			name = InfoPlist.strings;
			sourceTree = "<group>";
		};
/* End PBXVariantGroup section */

/* Begin XCBuildConfiguration section */
		1FD52A251920481B0048AE0F /* Debug */ = {
			isa = XCBuildConfiguration;
			buildSettings = {
				ALWAYS_SEARCH_USER_PATHS = NO;
				CLANG_CXX_LANGUAGE_STANDARD = "gnu++0x";
				CLANG_CXX_LIBRARY = "libc++";
				CLANG_ENABLE_MODULES = YES;
				CLANG_ENABLE_OBJC_ARC = YES;
				CLANG_WARN_BOOL_CONVERSION = YES;
				CLANG_WARN_CONSTANT_CONVERSION = YES;
				CLANG_WARN_DIRECT_OBJC_ISA_USAGE = YES_ERROR;
				CLANG_WARN_EMPTY_BODY = YES;
				CLANG_WARN_ENUM_CONVERSION = YES;
				CLANG_WARN_INT_CONVERSION = YES;
				CLANG_WARN_OBJC_ROOT_CLASS = YES_ERROR;
				CLANG_WARN__DUPLICATE_METHOD_MATCH = YES;
				"CODE_SIGN_IDENTITY[sdk=iphoneos*]" = "iPhone Developer";
				COPY_PHASE_STRIP = NO;
				GCC_C_LANGUAGE_STANDARD = gnu99;
				GCC_DYNAMIC_NO_PIC = NO;
				GCC_OPTIMIZATION_LEVEL = 0;
				GCC_PREPROCESSOR_DEFINITIONS = (
					"DEBUG=1",
					"$(inherited)",
				);
				GCC_SYMBOLS_PRIVATE_EXTERN = NO;
				GCC_WARN_64_TO_32_BIT_CONVERSION = YES;
				GCC_WARN_ABOUT_RETURN_TYPE = YES_ERROR;
				GCC_WARN_UNDECLARED_SELECTOR = YES;
				GCC_WARN_UNINITIALIZED_AUTOS = YES_AGGRESSIVE;
				GCC_WARN_UNUSED_FUNCTION = YES;
				GCC_WARN_UNUSED_VARIABLE = YES;
				IPHONEOS_DEPLOYMENT_TARGET = 7.1;
				ONLY_ACTIVE_ARCH = YES;
				SDKROOT = iphoneos;
				TARGETED_DEVICE_FAMILY = 2;
			};
			name = Debug;
		};
		1FD52A261920481B0048AE0F /* Release */ = {
			isa = XCBuildConfiguration;
			buildSettings = {
				ALWAYS_SEARCH_USER_PATHS = NO;
				CLANG_CXX_LANGUAGE_STANDARD = "gnu++0x";
				CLANG_CXX_LIBRARY = "libc++";
				CLANG_ENABLE_MODULES = YES;
				CLANG_ENABLE_OBJC_ARC = YES;
				CLANG_WARN_BOOL_CONVERSION = YES;
				CLANG_WARN_CONSTANT_CONVERSION = YES;
				CLANG_WARN_DIRECT_OBJC_ISA_USAGE = YES_ERROR;
				CLANG_WARN_EMPTY_BODY = YES;
				CLANG_WARN_ENUM_CONVERSION = YES;
				CLANG_WARN_INT_CONVERSION = YES;
				CLANG_WARN_OBJC_ROOT_CLASS = YES_ERROR;
				CLANG_WARN__DUPLICATE_METHOD_MATCH = YES;
				"CODE_SIGN_IDENTITY[sdk=iphoneos*]" = "iPhone Developer";
				COPY_PHASE_STRIP = YES;
				ENABLE_NS_ASSERTIONS = NO;
				GCC_C_LANGUAGE_STANDARD = gnu99;
				GCC_WARN_64_TO_32_BIT_CONVERSION = YES;
				GCC_WARN_ABOUT_RETURN_TYPE = YES_ERROR;
				GCC_WARN_UNDECLARED_SELECTOR = YES;
				GCC_WARN_UNINITIALIZED_AUTOS = YES_AGGRESSIVE;
				GCC_WARN_UNUSED_FUNCTION = YES;
				GCC_WARN_UNUSED_VARIABLE = YES;
				IPHONEOS_DEPLOYMENT_TARGET = 7.1;
				SDKROOT = iphoneos;
				TARGETED_DEVICE_FAMILY = 2;
				VALIDATE_PRODUCT = YES;
			};
			name = Release;
		};
		1FD52A281920481B0048AE0F /* Debug */ = {
			isa = XCBuildConfiguration;
			buildSettings = {
				ASSETCATALOG_COMPILER_APPICON_NAME = AppIcon;
				ASSETCATALOG_COMPILER_LAUNCHIMAGE_NAME = LaunchImage;
				GCC_PRECOMPILE_PREFIX_HEADER = YES;
				GCC_PREFIX_HEADER = "DigitalSoundFX/DigitalSoundFX-Prefix.pch";
				INFOPLIST_FILE = "DigitalSoundFX/DigitalSoundFX-Info.plist";
				PRODUCT_NAME = "$(TARGET_NAME)";
				WRAPPER_EXTENSION = app;
			};
			name = Debug;
		};
		1FD52A291920481B0048AE0F /* Release */ = {
			isa = XCBuildConfiguration;
			buildSettings = {
				ASSETCATALOG_COMPILER_APPICON_NAME = AppIcon;
				ASSETCATALOG_COMPILER_LAUNCHIMAGE_NAME = LaunchImage;
				GCC_PRECOMPILE_PREFIX_HEADER = YES;
				GCC_PREFIX_HEADER = "DigitalSoundFX/DigitalSoundFX-Prefix.pch";
				INFOPLIST_FILE = "DigitalSoundFX/DigitalSoundFX-Info.plist";
				PRODUCT_NAME = "$(TARGET_NAME)";
				WRAPPER_EXTENSION = app;
			};
			name = Release;
		};
		1FD52A2B1920481B0048AE0F /* Debug */ = {
			isa = XCBuildConfiguration;
			buildSettings = {
				BUNDLE_LOADER = "$(BUILT_PRODUCTS_DIR)/DigitalSoundFX.app/DigitalSoundFX";
				FRAMEWORK_SEARCH_PATHS = (
					"$(SDKROOT)/Developer/Library/Frameworks",
					"$(inherited)",
					"$(DEVELOPER_FRAMEWORKS_DIR)",
				);
				GCC_PRECOMPILE_PREFIX_HEADER = YES;
				GCC_PREFIX_HEADER = "DigitalSoundFX/DigitalSoundFX-Prefix.pch";
				GCC_PREPROCESSOR_DEFINITIONS = (
					"DEBUG=1",
					"$(inherited)",
				);
				INFOPLIST_FILE = "DigitalSoundFXTests/DigitalSoundFXTests-Info.plist";
				PRODUCT_NAME = "$(TARGET_NAME)";
				TEST_HOST = "$(BUNDLE_LOADER)";
				WRAPPER_EXTENSION = xctest;
			};
			name = Debug;
		};
		1FD52A2C1920481B0048AE0F /* Release */ = {
			isa = XCBuildConfiguration;
			buildSettings = {
				BUNDLE_LOADER = "$(BUILT_PRODUCTS_DIR)/DigitalSoundFX.app/DigitalSoundFX";
				FRAMEWORK_SEARCH_PATHS = (
					"$(SDKROOT)/Developer/Library/Frameworks",
					"$(inherited)",
					"$(DEVELOPER_FRAMEWORKS_DIR)",
				);
				GCC_PRECOMPILE_PREFIX_HEADER = YES;
				GCC_PREFIX_HEADER = "DigitalSoundFX/DigitalSoundFX-Prefix.pch";
				INFOPLIST_FILE = "DigitalSoundFXTests/DigitalSoundFXTests-Info.plist";
				PRODUCT_NAME = "$(TARGET_NAME)";
				TEST_HOST = "$(BUNDLE_LOADER)";
				WRAPPER_EXTENSION = xctest;
			};
			name = Release;
		};
/* End XCBuildConfiguration section */

/* Begin XCConfigurationList section */
		1FD529F01920481B0048AE0F /* Build configuration list for PBXProject "DigitalSoundFX" */ = {
			isa = XCConfigurationList;
			buildConfigurations = (
				1FD52A251920481B0048AE0F /* Debug */,
				1FD52A261920481B0048AE0F /* Release */,
			);
			defaultConfigurationIsVisible = 0;
			defaultConfigurationName = Release;
		};
		1FD52A271920481B0048AE0F /* Build configuration list for PBXNativeTarget "DigitalSoundFX" */ = {
			isa = XCConfigurationList;
			buildConfigurations = (
				1FD52A281920481B0048AE0F /* Debug */,
				1FD52A291920481B0048AE0F /* Release */,
			);
			defaultConfigurationIsVisible = 0;
			defaultConfigurationName = Release;
		};
		1FD52A2A1920481B0048AE0F /* Build configuration list for PBXNativeTarget "DigitalSoundFXTests" */ = {
			isa = XCConfigurationList;
			buildConfigurations = (
				1FD52A2B1920481B0048AE0F /* Debug */,
				1FD52A2C1920481B0048AE0F /* Release */,
			);
			defaultConfigurationIsVisible = 0;
			defaultConfigurationName = Release;
		};
/* End XCConfigurationList section */
	};
	rootObject = 1FD529ED1920481B0048AE0F /* Project object */;
}
